// !$*UTF8*$!
{
	archiveVersion = 1;
	classes = {
	};
	objectVersion = 50;
	objects = {

/* Begin PBXBuildFile section */
		1683918027569B2E000DFF7A /* ExercisesViewModel.swift in Sources */ = {isa = PBXBuildFile; fileRef = 1683917F27569B2E000DFF7A /* ExercisesViewModel.swift */; };
		168391822756AD2D000DFF7A /* Exercise+constructor.swift in Sources */ = {isa = PBXBuildFile; fileRef = 168391812756AD2D000DFF7A /* Exercise+constructor.swift */; };
		168391842756B4FB000DFF7A /* RatingViewModel.swift in Sources */ = {isa = PBXBuildFile; fileRef = 168391832756B4FB000DFF7A /* RatingViewModel.swift */; };
		1683E5E32764D075003B6B02 /* ImageProvider.swift in Sources */ = {isa = PBXBuildFile; fileRef = 1683E5E22764D075003B6B02 /* ImageProvider.swift */; };
		1683E5E52764E442003B6B02 /* ColorProvider.swift in Sources */ = {isa = PBXBuildFile; fileRef = 1683E5E42764E442003B6B02 /* ColorProvider.swift */; };
		168602C12767C0D300A7CFCA /* IndentViewInverted.swift in Sources */ = {isa = PBXBuildFile; fileRef = 168602C02767C0D300A7CFCA /* IndentViewInverted.swift */; };
		168602C32767D6A000A7CFCA /* DateProvider.swift in Sources */ = {isa = PBXBuildFile; fileRef = 168602C22767D6A000A7CFCA /* DateProvider.swift */; };
		1689CEDA2743B0C9004362A7 /* TimerView.swift in Sources */ = {isa = PBXBuildFile; fileRef = 1689CED92743B0C9004362A7 /* TimerView.swift */; };
		168C09F5274E4FB400390C21 /* RaisedButton.swift in Sources */ = {isa = PBXBuildFile; fileRef = 168C09F4274E4FB400390C21 /* RaisedButton.swift */; };
		168C09F7274E54E200390C21 /* WelcomeImages.swift in Sources */ = {isa = PBXBuildFile; fileRef = 168C09F6274E54E200390C21 /* WelcomeImages.swift */; };
		168C09F9274E54FB00390C21 /* EmbossedButton.swift in Sources */ = {isa = PBXBuildFile; fileRef = 168C09F8274E54FB00390C21 /* EmbossedButton.swift */; };
		168C09FB274E550700390C21 /* ContainerView.swift in Sources */ = {isa = PBXBuildFile; fileRef = 168C09FA274E550700390C21 /* ContainerView.swift */; };
		168C09FD274E552600390C21 /* GradientBackground.swift in Sources */ = {isa = PBXBuildFile; fileRef = 168C09FC274E552600390C21 /* GradientBackground.swift */; };
		168E9924276352CE00B0406A /* LocalizedStringProvider.swift in Sources */ = {isa = PBXBuildFile; fileRef = 168E9923276352CE00B0406A /* LocalizedStringProvider.swift */; };
		1694FDC0276230F700B36F52 /* WelcomeViewModel.swift in Sources */ = {isa = PBXBuildFile; fileRef = 1694FDBF276230F700B36F52 /* WelcomeViewModel.swift */; };
		169AFA642767AEC4000B1E5A /* HistoryViewModel+createDevData.swift in Sources */ = {isa = PBXBuildFile; fileRef = 169AFA632767AEC4000B1E5A /* HistoryViewModel+createDevData.swift */; };
		16A9148427396543001D82A6 /* WelcomeView.swift in Sources */ = {isa = PBXBuildFile; fileRef = 16A9148327396543001D82A6 /* WelcomeView.swift */; };
		16A9148627396587001D82A6 /* ExercisesView.swift in Sources */ = {isa = PBXBuildFile; fileRef = 16A9148527396587001D82A6 /* ExercisesView.swift */; };
		16A91488273965A0001D82A6 /* ContentView.swift in Sources */ = {isa = PBXBuildFile; fileRef = 16A91487273965A0001D82A6 /* ContentView.swift */; };
		16A9148C2739A38C001D82A6 /* HeaderView.swift in Sources */ = {isa = PBXBuildFile; fileRef = 16A9148B2739A38C001D82A6 /* HeaderView.swift */; };
		16A91490273AA2F6001D82A6 /* RatingView.swift in Sources */ = {isa = PBXBuildFile; fileRef = 16A9148F273AA2F6001D82A6 /* RatingView.swift */; };
		16A91492273AB2C4001D82A6 /* HistoryView.swift in Sources */ = {isa = PBXBuildFile; fileRef = 16A91491273AB2C4001D82A6 /* HistoryView.swift */; };
		16A91494273BE9B5001D82A6 /* SuccessView.swift in Sources */ = {isa = PBXBuildFile; fileRef = 16A91493273BE9B5001D82A6 /* SuccessView.swift */; };
		16A91497273C18E8001D82A6 /* ExercisesModel.swift in Sources */ = {isa = PBXBuildFile; fileRef = 16A91496273C18E8001D82A6 /* ExercisesModel.swift */; };
		16A91499273C1FD9001D82A6 /* HistoryViewModel.swift in Sources */ = {isa = PBXBuildFile; fileRef = 16A91498273C1FD9001D82A6 /* HistoryViewModel.swift */; };
		16A9149E273C2C65001D82A6 /* Localizable.strings in Resources */ = {isa = PBXBuildFile; fileRef = 16A914A0273C2C65001D82A6 /* Localizable.strings */; };
		16F20178275101CC00ACE724 /* HistoryListView.swift in Sources */ = {isa = PBXBuildFile; fileRef = 16F20177275101CB00ACE724 /* HistoryListView.swift */; };
		16F2017A2751021500ACE724 /* HistoryBarView.swift in Sources */ = {isa = PBXBuildFile; fileRef = 16F201792751021500ACE724 /* HistoryBarView.swift */; };
		16F2017C2751029700ACE724 /* IndentView.swift in Sources */ = {isa = PBXBuildFile; fileRef = 16F2017B2751029700ACE724 /* IndentView.swift */; };
		CD30C924251474DC0049DB93 /* GetF!tApp.swift in Sources */ = {isa = PBXBuildFile; fileRef = CD30C923251474DC0049DB93 /* GetF!tApp.swift */; };
		CD30C928251474DD0049DB93 /* Assets.xcassets in Resources */ = {isa = PBXBuildFile; fileRef = CD30C927251474DD0049DB93 /* Assets.xcassets */; };
		CD30C92B251474DD0049DB93 /* Preview Assets.xcassets in Resources */ = {isa = PBXBuildFile; fileRef = CD30C92A251474DD0049DB93 /* Preview Assets.xcassets */; };
		CD30C93F25147A8C0049DB93 /* Date+.swift in Sources */ = {isa = PBXBuildFile; fileRef = CD30C93D25147A8C0049DB93 /* Date+.swift */; };
		CD30C94025147A8C0049DB93 /* Image+resizeToFill.swift in Sources */ = {isa = PBXBuildFile; fileRef = CD30C93E25147A8C0049DB93 /* Image+resizeToFill.swift */; };
		CD30C94625147AEF0049DB93 /* StepUp.mp4 in Resources */ = {isa = PBXBuildFile; fileRef = CD30C94225147AEF0049DB93 /* StepUp.mp4 */; };
		CD30C94725147AEF0049DB93 /* Burpee.mp4 in Resources */ = {isa = PBXBuildFile; fileRef = CD30C94325147AEF0049DB93 /* Burpee.mp4 */; };
		CD30C94825147AEF0049DB93 /* Squat.mp4 in Resources */ = {isa = PBXBuildFile; fileRef = CD30C94425147AEF0049DB93 /* Squat.mp4 */; };
		CD30C94925147AEF0049DB93 /* SunSalute.mp4 in Resources */ = {isa = PBXBuildFile; fileRef = CD30C94525147AEF0049DB93 /* SunSalute.mp4 */; };
/* End PBXBuildFile section */

/* Begin PBXFileReference section */
		1683917F27569B2E000DFF7A /* ExercisesViewModel.swift */ = {isa = PBXFileReference; lastKnownFileType = sourcecode.swift; path = ExercisesViewModel.swift; sourceTree = "<group>"; };
		168391812756AD2D000DFF7A /* Exercise+constructor.swift */ = {isa = PBXFileReference; lastKnownFileType = sourcecode.swift; path = "Exercise+constructor.swift"; sourceTree = "<group>"; };
		168391832756B4FB000DFF7A /* RatingViewModel.swift */ = {isa = PBXFileReference; lastKnownFileType = sourcecode.swift; path = RatingViewModel.swift; sourceTree = "<group>"; };
		1683E5E22764D075003B6B02 /* ImageProvider.swift */ = {isa = PBXFileReference; lastKnownFileType = sourcecode.swift; path = ImageProvider.swift; sourceTree = "<group>"; };
		1683E5E42764E442003B6B02 /* ColorProvider.swift */ = {isa = PBXFileReference; lastKnownFileType = sourcecode.swift; path = ColorProvider.swift; sourceTree = "<group>"; };
		168602C02767C0D300A7CFCA /* IndentViewInverted.swift */ = {isa = PBXFileReference; lastKnownFileType = sourcecode.swift; path = IndentViewInverted.swift; sourceTree = "<group>"; };
		168602C22767D6A000A7CFCA /* DateProvider.swift */ = {isa = PBXFileReference; lastKnownFileType = sourcecode.swift; path = DateProvider.swift; sourceTree = "<group>"; };
		1689CED92743B0C9004362A7 /* TimerView.swift */ = {isa = PBXFileReference; lastKnownFileType = sourcecode.swift; path = TimerView.swift; sourceTree = "<group>"; };
		168C09F4274E4FB400390C21 /* RaisedButton.swift */ = {isa = PBXFileReference; lastKnownFileType = sourcecode.swift; path = RaisedButton.swift; sourceTree = "<group>"; };
		168C09F6274E54E200390C21 /* WelcomeImages.swift */ = {isa = PBXFileReference; lastKnownFileType = sourcecode.swift; path = WelcomeImages.swift; sourceTree = "<group>"; };
		168C09F8274E54FB00390C21 /* EmbossedButton.swift */ = {isa = PBXFileReference; lastKnownFileType = sourcecode.swift; path = EmbossedButton.swift; sourceTree = "<group>"; };
		168C09FA274E550700390C21 /* ContainerView.swift */ = {isa = PBXFileReference; lastKnownFileType = sourcecode.swift; path = ContainerView.swift; sourceTree = "<group>"; };
		168C09FC274E552600390C21 /* GradientBackground.swift */ = {isa = PBXFileReference; lastKnownFileType = sourcecode.swift; path = GradientBackground.swift; sourceTree = "<group>"; };
		168E9923276352CE00B0406A /* LocalizedStringProvider.swift */ = {isa = PBXFileReference; lastKnownFileType = sourcecode.swift; path = LocalizedStringProvider.swift; sourceTree = "<group>"; };
		1694FDBF276230F700B36F52 /* WelcomeViewModel.swift */ = {isa = PBXFileReference; lastKnownFileType = sourcecode.swift; path = WelcomeViewModel.swift; sourceTree = "<group>"; };
		169AFA632767AEC4000B1E5A /* HistoryViewModel+createDevData.swift */ = {isa = PBXFileReference; lastKnownFileType = sourcecode.swift; path = "HistoryViewModel+createDevData.swift"; sourceTree = "<group>"; };
		16A9148327396543001D82A6 /* WelcomeView.swift */ = {isa = PBXFileReference; lastKnownFileType = sourcecode.swift; path = WelcomeView.swift; sourceTree = "<group>"; };
		16A9148527396587001D82A6 /* ExercisesView.swift */ = {isa = PBXFileReference; lastKnownFileType = sourcecode.swift; path = ExercisesView.swift; sourceTree = "<group>"; };
		16A91487273965A0001D82A6 /* ContentView.swift */ = {isa = PBXFileReference; lastKnownFileType = sourcecode.swift; path = ContentView.swift; sourceTree = "<group>"; };
		16A9148B2739A38C001D82A6 /* HeaderView.swift */ = {isa = PBXFileReference; lastKnownFileType = sourcecode.swift; path = HeaderView.swift; sourceTree = "<group>"; };
		16A9148F273AA2F6001D82A6 /* RatingView.swift */ = {isa = PBXFileReference; lastKnownFileType = sourcecode.swift; path = RatingView.swift; sourceTree = "<group>"; };
		16A91491273AB2C4001D82A6 /* HistoryView.swift */ = {isa = PBXFileReference; lastKnownFileType = sourcecode.swift; path = HistoryView.swift; sourceTree = "<group>"; };
		16A91493273BE9B5001D82A6 /* SuccessView.swift */ = {isa = PBXFileReference; lastKnownFileType = sourcecode.swift; path = SuccessView.swift; sourceTree = "<group>"; };
		16A91496273C18E8001D82A6 /* ExercisesModel.swift */ = {isa = PBXFileReference; lastKnownFileType = sourcecode.swift; path = ExercisesModel.swift; sourceTree = "<group>"; };
		16A91498273C1FD9001D82A6 /* HistoryViewModel.swift */ = {isa = PBXFileReference; lastKnownFileType = sourcecode.swift; path = HistoryViewModel.swift; sourceTree = "<group>"; };
		16A9149F273C2C65001D82A6 /* en */ = {isa = PBXFileReference; lastKnownFileType = text.plist.strings; name = en; path = en.lproj/Localizable.strings; sourceTree = "<group>"; };
		16A914A1273C2C6D001D82A6 /* de */ = {isa = PBXFileReference; lastKnownFileType = text.plist.strings; name = de; path = de.lproj/Localizable.strings; sourceTree = "<group>"; };
		16F20177275101CB00ACE724 /* HistoryListView.swift */ = {isa = PBXFileReference; lastKnownFileType = sourcecode.swift; path = HistoryListView.swift; sourceTree = "<group>"; };
		16F201792751021500ACE724 /* HistoryBarView.swift */ = {isa = PBXFileReference; lastKnownFileType = sourcecode.swift; path = HistoryBarView.swift; sourceTree = "<group>"; };
		16F2017B2751029700ACE724 /* IndentView.swift */ = {isa = PBXFileReference; lastKnownFileType = sourcecode.swift; path = IndentView.swift; sourceTree = "<group>"; };
		CD30C920251474DC0049DB93 /* GetF!t.app */ = {isa = PBXFileReference; explicitFileType = wrapper.application; includeInIndex = 0; path = "GetF!t.app"; sourceTree = BUILT_PRODUCTS_DIR; };
		CD30C923251474DC0049DB93 /* GetF!tApp.swift */ = {isa = PBXFileReference; lastKnownFileType = sourcecode.swift; path = "GetF!tApp.swift"; sourceTree = "<group>"; };
		CD30C927251474DD0049DB93 /* Assets.xcassets */ = {isa = PBXFileReference; lastKnownFileType = folder.assetcatalog; path = Assets.xcassets; sourceTree = "<group>"; };
		CD30C92A251474DD0049DB93 /* Preview Assets.xcassets */ = {isa = PBXFileReference; lastKnownFileType = folder.assetcatalog; path = "Preview Assets.xcassets"; sourceTree = "<group>"; };
		CD30C92C251474DD0049DB93 /* Info.plist */ = {isa = PBXFileReference; lastKnownFileType = text.plist.xml; path = Info.plist; sourceTree = "<group>"; };
		CD30C93D25147A8C0049DB93 /* Date+.swift */ = {isa = PBXFileReference; fileEncoding = 4; lastKnownFileType = sourcecode.swift; path = "Date+.swift"; sourceTree = "<group>"; };
		CD30C93E25147A8C0049DB93 /* Image+resizeToFill.swift */ = {isa = PBXFileReference; fileEncoding = 4; lastKnownFileType = sourcecode.swift; path = "Image+resizeToFill.swift"; sourceTree = "<group>"; };
		CD30C94225147AEF0049DB93 /* StepUp.mp4 */ = {isa = PBXFileReference; lastKnownFileType = file; path = StepUp.mp4; sourceTree = "<group>"; };
		CD30C94325147AEF0049DB93 /* Burpee.mp4 */ = {isa = PBXFileReference; lastKnownFileType = file; path = Burpee.mp4; sourceTree = "<group>"; };
		CD30C94425147AEF0049DB93 /* Squat.mp4 */ = {isa = PBXFileReference; lastKnownFileType = file; path = Squat.mp4; sourceTree = "<group>"; };
		CD30C94525147AEF0049DB93 /* SunSalute.mp4 */ = {isa = PBXFileReference; lastKnownFileType = file; path = SunSalute.mp4; sourceTree = "<group>"; };
/* End PBXFileReference section */

/* Begin PBXFrameworksBuildPhase section */
		CD30C91D251474DC0049DB93 /* Frameworks */ = {
			isa = PBXFrameworksBuildPhase;
			buildActionMask = 2147483647;
			files = (
			);
			runOnlyForDeploymentPostprocessing = 0;
		};
/* End PBXFrameworksBuildPhase section */

/* Begin PBXGroup section */
		1683917527565DF3000DFF7A /* Styles and buttons */ = {
			isa = PBXGroup;
			children = (
				168C09F4274E4FB400390C21 /* RaisedButton.swift */,
				168C09F8274E54FB00390C21 /* EmbossedButton.swift */,
				168C09FA274E550700390C21 /* ContainerView.swift */,
				16F2017B2751029700ACE724 /* IndentView.swift */,
				168C09FC274E552600390C21 /* GradientBackground.swift */,
				168602C02767C0D300A7CFCA /* IndentViewInverted.swift */,
			);
			path = "Styles and buttons";
			sourceTree = "<group>";
		};
		1683917627565F1D000DFF7A /* History */ = {
			isa = PBXGroup;
			children = (
				16A411252757B8C3005A8F38 /* Views */,
				16A91498273C1FD9001D82A6 /* HistoryViewModel.swift */,
			);
			path = History;
			sourceTree = "<group>";
		};
		1683917D275661B6000DFF7A /* Views */ = {
			isa = PBXGroup;
			children = (
				16A9148527396587001D82A6 /* ExercisesView.swift */,
				1689CED92743B0C9004362A7 /* TimerView.swift */,
				16A9148F273AA2F6001D82A6 /* RatingView.swift */,
				16A91493273BE9B5001D82A6 /* SuccessView.swift */,
			);
			path = Views;
			sourceTree = "<group>";
		};
		1683917E2756633E000DFF7A /* Welcome */ = {
			isa = PBXGroup;
			children = (
				16A9148327396543001D82A6 /* WelcomeView.swift */,
				168C09F6274E54E200390C21 /* WelcomeImages.swift */,
				1694FDBF276230F700B36F52 /* WelcomeViewModel.swift */,
			);
			path = Welcome;
			sourceTree = "<group>";
		};
		168E991F27634C1800B0406A /* Resources */ = {
			isa = PBXGroup;
			children = (
				CD30C94D25147B420049DB93 /* Videos */,
				CD30C927251474DD0049DB93 /* Assets.xcassets */,
				16A914A0273C2C65001D82A6 /* Localizable.strings */,
			);
			path = Resources;
			sourceTree = "<group>";
		};
		168E99202763508300B0406A /* Extensions */ = {
			isa = PBXGroup;
			children = (
				CD30C93D25147A8C0049DB93 /* Date+.swift */,
				CD30C93E25147A8C0049DB93 /* Image+resizeToFill.swift */,
				168391812756AD2D000DFF7A /* Exercise+constructor.swift */,
				169AFA632767AEC4000B1E5A /* HistoryViewModel+createDevData.swift */,
			);
			path = Extensions;
			sourceTree = "<group>";
		};
		168E99212763524500B0406A /* Shared */ = {
			isa = PBXGroup;
			children = (
				1683917527565DF3000DFF7A /* Styles and buttons */,
				16A9148B2739A38C001D82A6 /* HeaderView.swift */,
			);
			path = Shared;
			sourceTree = "<group>";
		};
		168E99222763528700B0406A /* SupportingFiles */ = {
			isa = PBXGroup;
			children = (
				168E9923276352CE00B0406A /* LocalizedStringProvider.swift */,
				1683E5E22764D075003B6B02 /* ImageProvider.swift */,
				1683E5E42764E442003B6B02 /* ColorProvider.swift */,
				168602C22767D6A000A7CFCA /* DateProvider.swift */,
			);
			path = SupportingFiles;
			sourceTree = "<group>";
		};
		168E9925276382EF00B0406A /* Modules */ = {
			isa = PBXGroup;
			children = (
				1683917E2756633E000DFF7A /* Welcome */,
				16A91495273C18C8001D82A6 /* Exercises */,
				1683917627565F1D000DFF7A /* History */,
			);
			path = Modules;
			sourceTree = "<group>";
		};
		16A411252757B8C3005A8F38 /* Views */ = {
			isa = PBXGroup;
			children = (
				16A91491273AB2C4001D82A6 /* HistoryView.swift */,
				16F20177275101CB00ACE724 /* HistoryListView.swift */,
				16F201792751021500ACE724 /* HistoryBarView.swift */,
			);
			path = Views;
			sourceTree = "<group>";
		};
		16A91495273C18C8001D82A6 /* Exercises */ = {
			isa = PBXGroup;
			children = (
				1683917D275661B6000DFF7A /* Views */,
				16A91496273C18E8001D82A6 /* ExercisesModel.swift */,
				1683917F27569B2E000DFF7A /* ExercisesViewModel.swift */,
				168391832756B4FB000DFF7A /* RatingViewModel.swift */,
			);
			path = Exercises;
			sourceTree = "<group>";
		};
		CD30C917251474DC0049DB93 = {
			isa = PBXGroup;
			children = (
				CD30C922251474DC0049DB93 /* GetF!t */,
				CD30C921251474DC0049DB93 /* Products */,
			);
			sourceTree = "<group>";
		};
		CD30C921251474DC0049DB93 /* Products */ = {
			isa = PBXGroup;
			children = (
				CD30C920251474DC0049DB93 /* GetF!t.app */,
			);
			name = Products;
			sourceTree = "<group>";
		};
		CD30C922251474DC0049DB93 /* GetF!t */ = {
			isa = PBXGroup;
			children = (
				CD30C92C251474DD0049DB93 /* Info.plist */,
				CD30C923251474DC0049DB93 /* GetF!tApp.swift */,
				16A91487273965A0001D82A6 /* ContentView.swift */,
				168E9925276382EF00B0406A /* Modules */,
				168E99212763524500B0406A /* Shared */,
				168E99202763508300B0406A /* Extensions */,
				168E991F27634C1800B0406A /* Resources */,
				168E99222763528700B0406A /* SupportingFiles */,
				CD30C929251474DD0049DB93 /* Preview Content */,
			);
			path = "GetF!t";
			sourceTree = "<group>";
		};
		CD30C929251474DD0049DB93 /* Preview Content */ = {
			isa = PBXGroup;
			children = (
				CD30C92A251474DD0049DB93 /* Preview Assets.xcassets */,
			);
			path = "Preview Content";
			sourceTree = "<group>";
		};
		CD30C94D25147B420049DB93 /* Videos */ = {
			isa = PBXGroup;
			children = (
				CD30C94325147AEF0049DB93 /* Burpee.mp4 */,
				CD30C94425147AEF0049DB93 /* Squat.mp4 */,
				CD30C94225147AEF0049DB93 /* StepUp.mp4 */,
				CD30C94525147AEF0049DB93 /* SunSalute.mp4 */,
			);
			path = Videos;
			sourceTree = "<group>";
		};
/* End PBXGroup section */

/* Begin PBXNativeTarget section */
		CD30C91F251474DC0049DB93 /* GetF!t */ = {
			isa = PBXNativeTarget;
			buildConfigurationList = CD30C92F251474DD0049DB93 /* Build configuration list for PBXNativeTarget "GetF!t" */;
			buildPhases = (
				CD0BEDFE2524567A00937B4F /* SwiftLint */,
				CD30C91C251474DC0049DB93 /* Sources */,
				CD30C91D251474DC0049DB93 /* Frameworks */,
				CD30C91E251474DC0049DB93 /* Resources */,
			);
			buildRules = (
			);
			dependencies = (
			);
			name = "GetF!t";
			productName = HIITFit;
			productReference = CD30C920251474DC0049DB93 /* GetF!t.app */;
			productType = "com.apple.product-type.application";
		};
/* End PBXNativeTarget section */

/* Begin PBXProject section */
		CD30C918251474DC0049DB93 /* Project object */ = {
			isa = PBXProject;
			attributes = {
				LastSwiftUpdateCheck = 1220;
				LastUpgradeCheck = 1220;
				ORGANIZATIONNAME = "Ray Wenderlich";
				TargetAttributes = {
					CD30C91F251474DC0049DB93 = {
						CreatedOnToolsVersion = 12.2;
					};
				};
			};
			buildConfigurationList = CD30C91B251474DC0049DB93 /* Build configuration list for PBXProject "GetF!t" */;
			compatibilityVersion = "Xcode 9.3";
			developmentRegion = en;
			hasScannedForEncodings = 0;
			knownRegions = (
				en,
				Base,
				de,
			);
			mainGroup = CD30C917251474DC0049DB93;
			productRefGroup = CD30C921251474DC0049DB93 /* Products */;
			projectDirPath = "";
			projectRoot = "";
			targets = (
				CD30C91F251474DC0049DB93 /* GetF!t */,
			);
		};
/* End PBXProject section */

/* Begin PBXResourcesBuildPhase section */
		CD30C91E251474DC0049DB93 /* Resources */ = {
			isa = PBXResourcesBuildPhase;
			buildActionMask = 2147483647;
			files = (
				CD30C94825147AEF0049DB93 /* Squat.mp4 in Resources */,
				CD30C94725147AEF0049DB93 /* Burpee.mp4 in Resources */,
				CD30C92B251474DD0049DB93 /* Preview Assets.xcassets in Resources */,
				16A9149E273C2C65001D82A6 /* Localizable.strings in Resources */,
				CD30C928251474DD0049DB93 /* Assets.xcassets in Resources */,
				CD30C94925147AEF0049DB93 /* SunSalute.mp4 in Resources */,
				CD30C94625147AEF0049DB93 /* StepUp.mp4 in Resources */,
			);
			runOnlyForDeploymentPostprocessing = 0;
		};
/* End PBXResourcesBuildPhase section */

/* Begin PBXShellScriptBuildPhase section */
		CD0BEDFE2524567A00937B4F /* SwiftLint */ = {
			isa = PBXShellScriptBuildPhase;
			buildActionMask = 2147483647;
			files = (
			);
			inputFileListPaths = (
			);
			inputPaths = (
			);
			name = SwiftLint;
			outputFileListPaths = (
			);
			outputPaths = (
			);
			runOnlyForDeploymentPostprocessing = 0;
			shellPath = /bin/sh;
			shellScript = "PATH=/opt/homebrew/bin:$PATH\nif [ -f ~/com.raywenderlich.swiftlint.yml ]; then\n  if which swiftlint >/dev/null; then\n    swiftlint --no-cache --config ~/com.raywenderlich.swiftlint.yml\n  fi\nfi\n";
		};
/* End PBXShellScriptBuildPhase section */

/* Begin PBXSourcesBuildPhase section */
		CD30C91C251474DC0049DB93 /* Sources */ = {
			isa = PBXSourcesBuildPhase;
			buildActionMask = 2147483647;
			files = (
				168C09F7274E54E200390C21 /* WelcomeImages.swift in Sources */,
				168602C12767C0D300A7CFCA /* IndentViewInverted.swift in Sources */,
				1689CEDA2743B0C9004362A7 /* TimerView.swift in Sources */,
				16F2017C2751029700ACE724 /* IndentView.swift in Sources */,
				168E9924276352CE00B0406A /* LocalizedStringProvider.swift in Sources */,
				168C09FB274E550700390C21 /* ContainerView.swift in Sources */,
				1683E5E52764E442003B6B02 /* ColorProvider.swift in Sources */,
				16A91497273C18E8001D82A6 /* ExercisesModel.swift in Sources */,
				16A9148427396543001D82A6 /* WelcomeView.swift in Sources */,
				168391842756B4FB000DFF7A /* RatingViewModel.swift in Sources */,
				16F20178275101CC00ACE724 /* HistoryListView.swift in Sources */,
				16A9148627396587001D82A6 /* ExercisesView.swift in Sources */,
				16A91494273BE9B5001D82A6 /* SuccessView.swift in Sources */,
				16A91499273C1FD9001D82A6 /* HistoryViewModel.swift in Sources */,
				1683E5E32764D075003B6B02 /* ImageProvider.swift in Sources */,
				16A91488273965A0001D82A6 /* ContentView.swift in Sources */,
				16A91490273AA2F6001D82A6 /* RatingView.swift in Sources */,
				169AFA642767AEC4000B1E5A /* HistoryViewModel+createDevData.swift in Sources */,
				CD30C93F25147A8C0049DB93 /* Date+.swift in Sources */,
				1694FDC0276230F700B36F52 /* WelcomeViewModel.swift in Sources */,
				CD30C924251474DC0049DB93 /* GetF!tApp.swift in Sources */,
				168C09F5274E4FB400390C21 /* RaisedButton.swift in Sources */,
				16F2017A2751021500ACE724 /* HistoryBarView.swift in Sources */,
				CD30C94025147A8C0049DB93 /* Image+resizeToFill.swift in Sources */,
				16A91492273AB2C4001D82A6 /* HistoryView.swift in Sources */,
				168C09F9274E54FB00390C21 /* EmbossedButton.swift in Sources */,
				168C09FD274E552600390C21 /* GradientBackground.swift in Sources */,
				16A9148C2739A38C001D82A6 /* HeaderView.swift in Sources */,
				168602C32767D6A000A7CFCA /* DateProvider.swift in Sources */,
				1683918027569B2E000DFF7A /* ExercisesViewModel.swift in Sources */,
				168391822756AD2D000DFF7A /* Exercise+constructor.swift in Sources */,
			);
			runOnlyForDeploymentPostprocessing = 0;
		};
/* End PBXSourcesBuildPhase section */

/* Begin PBXVariantGroup section */
		16A914A0273C2C65001D82A6 /* Localizable.strings */ = {
			isa = PBXVariantGroup;
			children = (
				16A9149F273C2C65001D82A6 /* en */,
				16A914A1273C2C6D001D82A6 /* de */,
			);
			name = Localizable.strings;
			sourceTree = "<group>";
		};
/* End PBXVariantGroup section */

/* Begin XCBuildConfiguration section */
		CD30C92D251474DD0049DB93 /* Debug */ = {
			isa = XCBuildConfiguration;
			buildSettings = {
				ALWAYS_SEARCH_USER_PATHS = NO;
				CLANG_ANALYZER_NONNULL = YES;
				CLANG_ANALYZER_NUMBER_OBJECT_CONVERSION = YES_AGGRESSIVE;
				CLANG_CXX_LANGUAGE_STANDARD = "gnu++14";
				CLANG_CXX_LIBRARY = "libc++";
				CLANG_ENABLE_MODULES = YES;
				CLANG_ENABLE_OBJC_ARC = YES;
				CLANG_ENABLE_OBJC_WEAK = YES;
				CLANG_WARN_BLOCK_CAPTURE_AUTORELEASING = YES;
				CLANG_WARN_BOOL_CONVERSION = YES;
				CLANG_WARN_COMMA = YES;
				CLANG_WARN_CONSTANT_CONVERSION = YES;
				CLANG_WARN_DEPRECATED_OBJC_IMPLEMENTATIONS = YES;
				CLANG_WARN_DIRECT_OBJC_ISA_USAGE = YES_ERROR;
				CLANG_WARN_DOCUMENTATION_COMMENTS = YES;
				CLANG_WARN_EMPTY_BODY = YES;
				CLANG_WARN_ENUM_CONVERSION = YES;
				CLANG_WARN_INFINITE_RECURSION = YES;
				CLANG_WARN_INT_CONVERSION = YES;
				CLANG_WARN_NON_LITERAL_NULL_CONVERSION = YES;
				CLANG_WARN_OBJC_IMPLICIT_RETAIN_SELF = YES;
				CLANG_WARN_OBJC_LITERAL_CONVERSION = YES;
				CLANG_WARN_OBJC_ROOT_CLASS = YES_ERROR;
				CLANG_WARN_QUOTED_INCLUDE_IN_FRAMEWORK_HEADER = YES;
				CLANG_WARN_RANGE_LOOP_ANALYSIS = YES;
				CLANG_WARN_STRICT_PROTOTYPES = YES;
				CLANG_WARN_SUSPICIOUS_MOVE = YES;
				CLANG_WARN_UNGUARDED_AVAILABILITY = YES_AGGRESSIVE;
				CLANG_WARN_UNREACHABLE_CODE = YES;
				CLANG_WARN__DUPLICATE_METHOD_MATCH = YES;
				COPY_PHASE_STRIP = NO;
				DEBUG_INFORMATION_FORMAT = dwarf;
				ENABLE_STRICT_OBJC_MSGSEND = YES;
				ENABLE_TESTABILITY = YES;
				GCC_C_LANGUAGE_STANDARD = gnu11;
				GCC_DYNAMIC_NO_PIC = NO;
				GCC_NO_COMMON_BLOCKS = YES;
				GCC_OPTIMIZATION_LEVEL = 0;
				GCC_PREPROCESSOR_DEFINITIONS = (
					"DEBUG=1",
					"$(inherited)",
				);
				GCC_WARN_64_TO_32_BIT_CONVERSION = YES;
				GCC_WARN_ABOUT_RETURN_TYPE = YES_ERROR;
				GCC_WARN_UNDECLARED_SELECTOR = YES;
				GCC_WARN_UNINITIALIZED_AUTOS = YES_AGGRESSIVE;
				GCC_WARN_UNUSED_FUNCTION = YES;
				GCC_WARN_UNUSED_VARIABLE = YES;
				IPHONEOS_DEPLOYMENT_TARGET = 14.5;
				MTL_ENABLE_DEBUG_INFO = INCLUDE_SOURCE;
				MTL_FAST_MATH = YES;
				ONLY_ACTIVE_ARCH = YES;
				SDKROOT = iphoneos;
				SWIFT_ACTIVE_COMPILATION_CONDITIONS = DEBUG;
				SWIFT_OPTIMIZATION_LEVEL = "-Onone";
			};
			name = Debug;
		};
		CD30C92E251474DD0049DB93 /* Release */ = {
			isa = XCBuildConfiguration;
			buildSettings = {
				ALWAYS_SEARCH_USER_PATHS = NO;
				CLANG_ANALYZER_NONNULL = YES;
				CLANG_ANALYZER_NUMBER_OBJECT_CONVERSION = YES_AGGRESSIVE;
				CLANG_CXX_LANGUAGE_STANDARD = "gnu++14";
				CLANG_CXX_LIBRARY = "libc++";
				CLANG_ENABLE_MODULES = YES;
				CLANG_ENABLE_OBJC_ARC = YES;
				CLANG_ENABLE_OBJC_WEAK = YES;
				CLANG_WARN_BLOCK_CAPTURE_AUTORELEASING = YES;
				CLANG_WARN_BOOL_CONVERSION = YES;
				CLANG_WARN_COMMA = YES;
				CLANG_WARN_CONSTANT_CONVERSION = YES;
				CLANG_WARN_DEPRECATED_OBJC_IMPLEMENTATIONS = YES;
				CLANG_WARN_DIRECT_OBJC_ISA_USAGE = YES_ERROR;
				CLANG_WARN_DOCUMENTATION_COMMENTS = YES;
				CLANG_WARN_EMPTY_BODY = YES;
				CLANG_WARN_ENUM_CONVERSION = YES;
				CLANG_WARN_INFINITE_RECURSION = YES;
				CLANG_WARN_INT_CONVERSION = YES;
				CLANG_WARN_NON_LITERAL_NULL_CONVERSION = YES;
				CLANG_WARN_OBJC_IMPLICIT_RETAIN_SELF = YES;
				CLANG_WARN_OBJC_LITERAL_CONVERSION = YES;
				CLANG_WARN_OBJC_ROOT_CLASS = YES_ERROR;
				CLANG_WARN_QUOTED_INCLUDE_IN_FRAMEWORK_HEADER = YES;
				CLANG_WARN_RANGE_LOOP_ANALYSIS = YES;
				CLANG_WARN_STRICT_PROTOTYPES = YES;
				CLANG_WARN_SUSPICIOUS_MOVE = YES;
				CLANG_WARN_UNGUARDED_AVAILABILITY = YES_AGGRESSIVE;
				CLANG_WARN_UNREACHABLE_CODE = YES;
				CLANG_WARN__DUPLICATE_METHOD_MATCH = YES;
				COPY_PHASE_STRIP = NO;
				DEBUG_INFORMATION_FORMAT = "dwarf-with-dsym";
				ENABLE_NS_ASSERTIONS = NO;
				ENABLE_STRICT_OBJC_MSGSEND = YES;
				GCC_C_LANGUAGE_STANDARD = gnu11;
				GCC_NO_COMMON_BLOCKS = YES;
				GCC_WARN_64_TO_32_BIT_CONVERSION = YES;
				GCC_WARN_ABOUT_RETURN_TYPE = YES_ERROR;
				GCC_WARN_UNDECLARED_SELECTOR = YES;
				GCC_WARN_UNINITIALIZED_AUTOS = YES_AGGRESSIVE;
				GCC_WARN_UNUSED_FUNCTION = YES;
				GCC_WARN_UNUSED_VARIABLE = YES;
				IPHONEOS_DEPLOYMENT_TARGET = 14.5;
				MTL_ENABLE_DEBUG_INFO = NO;
				MTL_FAST_MATH = YES;
				SDKROOT = iphoneos;
				SWIFT_COMPILATION_MODE = wholemodule;
				SWIFT_OPTIMIZATION_LEVEL = "-O";
				VALIDATE_PRODUCT = YES;
			};
			name = Release;
		};
		CD30C930251474DD0049DB93 /* Debug */ = {
			isa = XCBuildConfiguration;
			buildSettings = {
				ASSETCATALOG_COMPILER_APPICON_NAME = AppIcon;
				ASSETCATALOG_COMPILER_GLOBAL_ACCENT_COLOR_NAME = AccentColor;
				CODE_SIGN_STYLE = Automatic;
				DEVELOPMENT_ASSET_PATHS = "\"GetF!t/Preview Content\"";
				DEVELOPMENT_TEAM = 9FD3J9E394;
				ENABLE_PREVIEWS = YES;
				INFOPLIST_FILE = "GetF!t/Info.plist";
				IPHONEOS_DEPLOYMENT_TARGET = 14.0;
				LD_RUNPATH_SEARCH_PATHS = (
					"$(inherited)",
					"@executable_path/Frameworks",
				);
				PRODUCT_BUNDLE_IDENTIFIER = com.raywenderlich.GetFit;
				PRODUCT_NAME = "$(TARGET_NAME)";
				SWIFT_VERSION = 5.0;
				TARGETED_DEVICE_FAMILY = "1,2";
			};
			name = Debug;
		};
		CD30C931251474DD0049DB93 /* Release */ = {
			isa = XCBuildConfiguration;
			buildSettings = {
				ASSETCATALOG_COMPILER_APPICON_NAME = AppIcon;
				ASSETCATALOG_COMPILER_GLOBAL_ACCENT_COLOR_NAME = AccentColor;
				CODE_SIGN_STYLE = Automatic;
				DEVELOPMENT_ASSET_PATHS = "\"GetF!t/Preview Content\"";
				DEVELOPMENT_TEAM = 9FD3J9E394;
				ENABLE_PREVIEWS = YES;
				INFOPLIST_FILE = "GetF!t/Info.plist";
				IPHONEOS_DEPLOYMENT_TARGET = 14.0;
				LD_RUNPATH_SEARCH_PATHS = (
					"$(inherited)",
					"@executable_path/Frameworks",
				);
				PRODUCT_BUNDLE_IDENTIFIER = com.raywenderlich.GetFit;
				PRODUCT_NAME = "$(TARGET_NAME)";
				SWIFT_VERSION = 5.0;
				TARGETED_DEVICE_FAMILY = "1,2";
			};
			name = Release;
		};
/* End XCBuildConfiguration section */

/* Begin XCConfigurationList section */
		CD30C91B251474DC0049DB93 /* Build configuration list for PBXProject "GetF!t" */ = {
			isa = XCConfigurationList;
			buildConfigurations = (
				CD30C92D251474DD0049DB93 /* Debug */,
				CD30C92E251474DD0049DB93 /* Release */,
			);
			defaultConfigurationIsVisible = 0;
			defaultConfigurationName = Release;
		};
		CD30C92F251474DD0049DB93 /* Build configuration list for PBXNativeTarget "GetF!t" */ = {
			isa = XCConfigurationList;
			buildConfigurations = (
				CD30C930251474DD0049DB93 /* Debug */,
				CD30C931251474DD0049DB93 /* Release */,
			);
			defaultConfigurationIsVisible = 0;
			defaultConfigurationName = Release;
		};
/* End XCConfigurationList section */
	};
	rootObject = CD30C918251474DC0049DB93 /* Project object */;
}
